
Microsoft Visual Studio Solution File, Format Version 12.00
# Visual Studio Version 17
VisualStudioVersion = 17.1.32210.238
MinimumVisualStudioVersion = 10.0.40219.1
Project("{FAE04EC0-301F-11D3-BF4B-00C04F79EFBC}") = "Seminar", "Seminar\Seminar.csproj", "{5CFE2057-B3BB-44F2-AF20-8CE61AC76A21}"
EndProject
Global
	GlobalSection(SolutionConfigurationPlatforms) = preSolution
		Debug|Any CPU = Debug|Any CPU
		Release|Any CPU = Release|Any CPU
	EndGlobalSection
	GlobalSection(ProjectConfigurationPlatforms) = postSolution
		{5CFE2057-B3BB-44F2-AF20-8CE61AC76A21}.Debug|Any CPU.ActiveCfg = Debug|Any CPU
		{5CFE2057-B3BB-44F2-AF20-8CE61AC76A21}.Debug|Any CPU.Build.0 = Debug|Any CPU
		{5CFE2057-B3BB-44F2-AF20-8CE61AC76A21}.Release|Any CPU.ActiveCfg = Release|Any CPU
		{5CFE2057-B3BB-44F2-AF20-8CE61AC76A21}.Release|Any CPU.Build.0 = Release|Any CPU
	EndGlobalSection
	GlobalSection(SolutionProperties) = preSolution
		HideSolutionNode = FALSE
	EndGlobalSection
	GlobalSection(ExtensibilityGlobals) = postSolution
		SolutionGuid = {F393E565-62A6-49EC-9026-5E837BAADAB5}
	EndGlobalSection
EndGlobal
